
Microsoft Visual Studio Solution File, Format Version 12.00
# Visual Studio Version 17
VisualStudioVersion = 17.10.35122.118
MinimumVisualStudioVersion = 10.0.40219.1
Project("{2150E333-8FDC-42A3-9474-1A3956D46DE8}") = "src", "src", "{BA7E4A97-C595-4172-A42D-5C063F47A508}"
EndProject
Project("{2150E333-8FDC-42A3-9474-1A3956D46DE8}") = "test", "test", "{01D0F533-488C-46F9-8B4F-835C9623107D}"
EndProject
Project("{FAE04EC0-301F-11D3-BF4B-00C04F79EFBC}") = "Bookify.Domain", "Bookify.Domain\Bookify.Domain.csproj", "{3F3E50AE-1373-4381-80F1-171DBFA51B07}"
EndProject
Global
	GlobalSection(SolutionConfigurationPlatforms) = preSolution
		Debug|Any CPU = Debug|Any CPU
		Release|Any CPU = Release|Any CPU
	EndGlobalSection
	GlobalSection(ProjectConfigurationPlatforms) = postSolution
		{3F3E50AE-1373-4381-80F1-171DBFA51B07}.Debug|Any CPU.ActiveCfg = Debug|Any CPU
		{3F3E50AE-1373-4381-80F1-171DBFA51B07}.Debug|Any CPU.Build.0 = Debug|Any CPU
		{3F3E50AE-1373-4381-80F1-171DBFA51B07}.Release|Any CPU.ActiveCfg = Release|Any CPU
		{3F3E50AE-1373-4381-80F1-171DBFA51B07}.Release|Any CPU.Build.0 = Release|Any CPU
	EndGlobalSection
	GlobalSection(SolutionProperties) = preSolution
		HideSolutionNode = FALSE
	EndGlobalSection
	GlobalSection(NestedProjects) = preSolution
		{3F3E50AE-1373-4381-80F1-171DBFA51B07} = {BA7E4A97-C595-4172-A42D-5C063F47A508}
	EndGlobalSection
	GlobalSection(ExtensibilityGlobals) = postSolution
		SolutionGuid = {A4CF68BC-BCF3-486B-92C9-7C444086F21E}
	EndGlobalSection
EndGlobal
